
Microsoft Visual Studio Solution File, Format Version 12.00
# Visual Studio 15
Project("{FAE04EC0-301F-11D3-BF4B-00C04F79EFBC}") = "Assembly-CSharp-Editor", "Assembly-CSharp-Editor.csproj", "{C4587C82-84E5-800C-FB6D-AE7DD66F11F9}"
EndProject
Project("{FAE04EC0-301F-11D3-BF4B-00C04F79EFBC}") = "Assembly-CSharp", "Assembly-CSharp.csproj", "{31DCD7C0-5FE0-87B8-6238-D75E62193EF4}"
EndProject
Global
	GlobalSection(SolutionConfigurationPlatforms) = preSolution
		Debug|Any CPU = Debug|Any CPU
		Release|Any CPU = Release|Any CPU
	EndGlobalSection
	GlobalSection(ProjectConfigurationPlatforms) = postSolution
		{C4587C82-84E5-800C-FB6D-AE7DD66F11F9}.Debug|Any CPU.ActiveCfg = Debug|Any CPU
		{C4587C82-84E5-800C-FB6D-AE7DD66F11F9}.Debug|Any CPU.Build.0 = Debug|Any CPU
		{C4587C82-84E5-800C-FB6D-AE7DD66F11F9}.Release|Any CPU.ActiveCfg = Release|Any CPU
		{C4587C82-84E5-800C-FB6D-AE7DD66F11F9}.Release|Any CPU.Build.0 = Release|Any CPU
		{31DCD7C0-5FE0-87B8-6238-D75E62193EF4}.Debug|Any CPU.ActiveCfg = Debug|Any CPU
		{31DCD7C0-5FE0-87B8-6238-D75E62193EF4}.Debug|Any CPU.Build.0 = Debug|Any CPU
		{31DCD7C0-5FE0-87B8-6238-D75E62193EF4}.Release|Any CPU.ActiveCfg = Release|Any CPU
		{31DCD7C0-5FE0-87B8-6238-D75E62193EF4}.Release|Any CPU.Build.0 = Release|Any CPU
	EndGlobalSection
	GlobalSection(SolutionProperties) = preSolution
		HideSolutionNode = FALSE
	EndGlobalSection
EndGlobal
